// !$*UTF8*$!
{
	archiveVersion = 1;
	classes = {
	};
	objectVersion = 56;
	objects = {

/* Begin PBXBuildFile section */
		C69A0C032A0999880030D142 /* Weather_AppApp.swift in Sources */ = {isa = PBXBuildFile; fileRef = C69A0C022A0999880030D142 /* Weather_AppApp.swift */; };
		C69A0C052A0999880030D142 /* ContentView.swift in Sources */ = {isa = PBXBuildFile; fileRef = C69A0C042A0999880030D142 /* ContentView.swift */; };
		C69A0C072A0999910030D142 /* Assets.xcassets in Resources */ = {isa = PBXBuildFile; fileRef = C69A0C062A0999910030D142 /* Assets.xcassets */; };
		C69A0C0A2A0999910030D142 /* Preview Assets.xcassets in Resources */ = {isa = PBXBuildFile; fileRef = C69A0C092A0999910030D142 /* Preview Assets.xcassets */; };
		C69A0C122A099E2A0030D142 /* LocationManager.swift in Sources */ = {isa = PBXBuildFile; fileRef = C69A0C112A099E2A0030D142 /* LocationManager.swift */; };
		C69A0C152A09A2C70030D142 /* WelcomeView.swift in Sources */ = {isa = PBXBuildFile; fileRef = C69A0C142A09A2C70030D142 /* WelcomeView.swift */; };
		C69A0C172A09A73B0030D142 /* LoadingView.swift in Sources */ = {isa = PBXBuildFile; fileRef = C69A0C162A09A73B0030D142 /* LoadingView.swift */; };
		C69A0C192A09AFA10030D142 /* WeatherManager.swift in Sources */ = {isa = PBXBuildFile; fileRef = C69A0C182A09AFA10030D142 /* WeatherManager.swift */; };
		C69A0C1B2A09B4B00030D142 /* WeatherView.swift in Sources */ = {isa = PBXBuildFile; fileRef = C69A0C1A2A09B4B00030D142 /* WeatherView.swift */; };
		C69A0C1D2A09B4F90030D142 /* ModelData.swift in Sources */ = {isa = PBXBuildFile; fileRef = C69A0C1C2A09B4F90030D142 /* ModelData.swift */; };
		C69A0C1F2A09B5200030D142 /* weatherData.json in Resources */ = {isa = PBXBuildFile; fileRef = C69A0C1E2A09B5200030D142 /* weatherData.json */; };
		C69A0C212A09B5E50030D142 /* Extensions.swift in Sources */ = {isa = PBXBuildFile; fileRef = C69A0C202A09B5E50030D142 /* Extensions.swift */; };
		C69A0C242A09BFBD0030D142 /* WeatherRow.swift in Sources */ = {isa = PBXBuildFile; fileRef = C69A0C232A09BFBD0030D142 /* WeatherRow.swift */; };
		C69A0C262A09C9480030D142 /* README.md in Resources */ = {isa = PBXBuildFile; fileRef = C69A0C252A09C9480030D142 /* README.md */; };
/* End PBXBuildFile section */

/* Begin PBXFileReference section */
		C69A0BFF2A0999880030D142 /* Weather App.app */ = {isa = PBXFileReference; explicitFileType = wrapper.application; includeInIndex = 0; path = "Weather App.app"; sourceTree = BUILT_PRODUCTS_DIR; };
		C69A0C022A0999880030D142 /* Weather_AppApp.swift */ = {isa = PBXFileReference; lastKnownFileType = sourcecode.swift; path = Weather_AppApp.swift; sourceTree = "<group>"; };
		C69A0C042A0999880030D142 /* ContentView.swift */ = {isa = PBXFileReference; lastKnownFileType = sourcecode.swift; path = ContentView.swift; sourceTree = "<group>"; };
		C69A0C062A0999910030D142 /* Assets.xcassets */ = {isa = PBXFileReference; lastKnownFileType = folder.assetcatalog; path = Assets.xcassets; sourceTree = "<group>"; };
		C69A0C092A0999910030D142 /* Preview Assets.xcassets */ = {isa = PBXFileReference; lastKnownFileType = folder.assetcatalog; path = "Preview Assets.xcassets"; sourceTree = "<group>"; };
		C69A0C112A099E2A0030D142 /* LocationManager.swift */ = {isa = PBXFileReference; lastKnownFileType = sourcecode.swift; path = LocationManager.swift; sourceTree = "<group>"; };
		C69A0C142A09A2C70030D142 /* WelcomeView.swift */ = {isa = PBXFileReference; lastKnownFileType = sourcecode.swift; path = WelcomeView.swift; sourceTree = "<group>"; };
		C69A0C162A09A73B0030D142 /* LoadingView.swift */ = {isa = PBXFileReference; lastKnownFileType = sourcecode.swift; path = LoadingView.swift; sourceTree = "<group>"; };
		C69A0C182A09AFA10030D142 /* WeatherManager.swift */ = {isa = PBXFileReference; lastKnownFileType = sourcecode.swift; path = WeatherManager.swift; sourceTree = "<group>"; };
		C69A0C1A2A09B4B00030D142 /* WeatherView.swift */ = {isa = PBXFileReference; lastKnownFileType = sourcecode.swift; path = WeatherView.swift; sourceTree = "<group>"; };
		C69A0C1C2A09B4F90030D142 /* ModelData.swift */ = {isa = PBXFileReference; lastKnownFileType = sourcecode.swift; path = ModelData.swift; sourceTree = "<group>"; };
		C69A0C1E2A09B5200030D142 /* weatherData.json */ = {isa = PBXFileReference; lastKnownFileType = text.json; path = weatherData.json; sourceTree = "<group>"; };
		C69A0C202A09B5E50030D142 /* Extensions.swift */ = {isa = PBXFileReference; lastKnownFileType = sourcecode.swift; path = Extensions.swift; sourceTree = "<group>"; };
		C69A0C232A09BFBD0030D142 /* WeatherRow.swift */ = {isa = PBXFileReference; lastKnownFileType = sourcecode.swift; path = WeatherRow.swift; sourceTree = "<group>"; };
		C69A0C252A09C9480030D142 /* README.md */ = {isa = PBXFileReference; lastKnownFileType = net.daringfireball.markdown; path = README.md; sourceTree = "<group>"; };
/* End PBXFileReference section */

/* Begin PBXFrameworksBuildPhase section */
		C69A0BFC2A0999880030D142 /* Frameworks */ = {
			isa = PBXFrameworksBuildPhase;
			buildActionMask = 2147483647;
			files = (
			);
			runOnlyForDeploymentPostprocessing = 0;
		};
/* End PBXFrameworksBuildPhase section */

/* Begin PBXGroup section */
		C69A0BF62A0999870030D142 = {
			isa = PBXGroup;
			children = (
				C69A0C012A0999880030D142 /* Weather App */,
				C69A0C002A0999880030D142 /* Products */,
			);
			sourceTree = "<group>";
		};
		C69A0C002A0999880030D142 /* Products */ = {
			isa = PBXGroup;
			children = (
				C69A0BFF2A0999880030D142 /* Weather App.app */,
			);
			name = Products;
			sourceTree = "<group>";
		};
		C69A0C012A0999880030D142 /* Weather App */ = {
			isa = PBXGroup;
			children = (
				C69A0C222A09BFA50030D142 /* Components */,
				C69A0C132A09A0D90030D142 /* Views */,
				C69A0C102A099E0F0030D142 /* Managers */,
				C69A0C022A0999880030D142 /* Weather_AppApp.swift */,
				C69A0C062A0999910030D142 /* Assets.xcassets */,
				C69A0C082A0999910030D142 /* Preview Content */,
				C69A0C202A09B5E50030D142 /* Extensions.swift */,
				C69A0C252A09C9480030D142 /* README.md */,
			);
			path = "Weather App";
			sourceTree = "<group>";
		};
		C69A0C082A0999910030D142 /* Preview Content */ = {
			isa = PBXGroup;
			children = (
				C69A0C092A0999910030D142 /* Preview Assets.xcassets */,
				C69A0C1C2A09B4F90030D142 /* ModelData.swift */,
				C69A0C1E2A09B5200030D142 /* weatherData.json */,
			);
			path = "Preview Content";
			sourceTree = "<group>";
		};
		C69A0C102A099E0F0030D142 /* Managers */ = {
			isa = PBXGroup;
			children = (
				C69A0C112A099E2A0030D142 /* LocationManager.swift */,
				C69A0C182A09AFA10030D142 /* WeatherManager.swift */,
			);
			path = Managers;
			sourceTree = "<group>";
		};
		C69A0C132A09A0D90030D142 /* Views */ = {
			isa = PBXGroup;
			children = (
				C69A0C042A0999880030D142 /* ContentView.swift */,
				C69A0C142A09A2C70030D142 /* WelcomeView.swift */,
				C69A0C162A09A73B0030D142 /* LoadingView.swift */,
				C69A0C1A2A09B4B00030D142 /* WeatherView.swift */,
			);
			path = Views;
			sourceTree = "<group>";
		};
		C69A0C222A09BFA50030D142 /* Components */ = {
			isa = PBXGroup;
			children = (
				C69A0C232A09BFBD0030D142 /* WeatherRow.swift */,
			);
			path = Components;
			sourceTree = "<group>";
		};
/* End PBXGroup section */

/* Begin PBXNativeTarget section */
		C69A0BFE2A0999880030D142 /* Weather App */ = {
			isa = PBXNativeTarget;
			buildConfigurationList = C69A0C0D2A0999910030D142 /* Build configuration list for PBXNativeTarget "Weather App" */;
			buildPhases = (
				C69A0BFB2A0999880030D142 /* Sources */,
				C69A0BFC2A0999880030D142 /* Frameworks */,
				C69A0BFD2A0999880030D142 /* Resources */,
			);
			buildRules = (
			);
			dependencies = (
			);
			name = "Weather App";
			productName = "Weather App";
			productReference = C69A0BFF2A0999880030D142 /* Weather App.app */;
			productType = "com.apple.product-type.application";
		};
/* End PBXNativeTarget section */

/* Begin PBXProject section */
		C69A0BF72A0999870030D142 /* Project object */ = {
			isa = PBXProject;
			attributes = {
				BuildIndependentTargetsInParallel = 1;
				LastSwiftUpdateCheck = 1430;
				LastUpgradeCheck = 1430;
				TargetAttributes = {
					C69A0BFE2A0999880030D142 = {
						CreatedOnToolsVersion = 14.3;
					};
				};
			};
			buildConfigurationList = C69A0BFA2A0999870030D142 /* Build configuration list for PBXProject "Weather App" */;
			compatibilityVersion = "Xcode 14.0";
			developmentRegion = en;
			hasScannedForEncodings = 0;
			knownRegions = (
				en,
				Base,
			);
			mainGroup = C69A0BF62A0999870030D142;
			productRefGroup = C69A0C002A0999880030D142 /* Products */;
			projectDirPath = "";
			projectRoot = "";
			targets = (
				C69A0BFE2A0999880030D142 /* Weather App */,
			);
		};
/* End PBXProject section */

/* Begin PBXResourcesBuildPhase section */
		C69A0BFD2A0999880030D142 /* Resources */ = {
			isa = PBXResourcesBuildPhase;
			buildActionMask = 2147483647;
			files = (
				C69A0C0A2A0999910030D142 /* Preview Assets.xcassets in Resources */,
				C69A0C1F2A09B5200030D142 /* weatherData.json in Resources */,
				C69A0C262A09C9480030D142 /* README.md in Resources */,
				C69A0C072A0999910030D142 /* Assets.xcassets in Resources */,
			);
			runOnlyForDeploymentPostprocessing = 0;
		};
/* End PBXResourcesBuildPhase section */

/* Begin PBXSourcesBuildPhase section */
		C69A0BFB2A0999880030D142 /* Sources */ = {
			isa = PBXSourcesBuildPhase;
			buildActionMask = 2147483647;
			files = (
				C69A0C192A09AFA10030D142 /* WeatherManager.swift in Sources */,
				C69A0C212A09B5E50030D142 /* Extensions.swift in Sources */,
				C69A0C052A0999880030D142 /* ContentView.swift in Sources */,
				C69A0C032A0999880030D142 /* Weather_AppApp.swift in Sources */,
				C69A0C122A099E2A0030D142 /* LocationManager.swift in Sources */,
				C69A0C242A09BFBD0030D142 /* WeatherRow.swift in Sources */,
				C69A0C172A09A73B0030D142 /* LoadingView.swift in Sources */,
				C69A0C1D2A09B4F90030D142 /* ModelData.swift in Sources */,
				C69A0C1B2A09B4B00030D142 /* WeatherView.swift in Sources */,
				C69A0C152A09A2C70030D142 /* WelcomeView.swift in Sources */,
			);
			runOnlyForDeploymentPostprocessing = 0;
		};
/* End PBXSourcesBuildPhase section */

/* Begin XCBuildConfiguration section */
		C69A0C0B2A0999910030D142 /* Debug */ = {
			isa = XCBuildConfiguration;
			buildSettings = {
				ALWAYS_SEARCH_USER_PATHS = NO;
				CLANG_ANALYZER_NONNULL = YES;
				CLANG_ANALYZER_NUMBER_OBJECT_CONVERSION = YES_AGGRESSIVE;
				CLANG_CXX_LANGUAGE_STANDARD = "gnu++20";
				CLANG_ENABLE_MODULES = YES;
				CLANG_ENABLE_OBJC_ARC = YES;
				CLANG_ENABLE_OBJC_WEAK = YES;
				CLANG_WARN_BLOCK_CAPTURE_AUTORELEASING = YES;
				CLANG_WARN_BOOL_CONVERSION = YES;
				CLANG_WARN_COMMA = YES;
				CLANG_WARN_CONSTANT_CONVERSION = YES;
				CLANG_WARN_DEPRECATED_OBJC_IMPLEMENTATIONS = YES;
				CLANG_WARN_DIRECT_OBJC_ISA_USAGE = YES_ERROR;
				CLANG_WARN_DOCUMENTATION_COMMENTS = YES;
				CLANG_WARN_EMPTY_BODY = YES;
				CLANG_WARN_ENUM_CONVERSION = YES;
				CLANG_WARN_INFINITE_RECURSION = YES;
				CLANG_WARN_INT_CONVERSION = YES;
				CLANG_WARN_NON_LITERAL_NULL_CONVERSION = YES;
				CLANG_WARN_OBJC_IMPLICIT_RETAIN_SELF = YES;
				CLANG_WARN_OBJC_LITERAL_CONVERSION = YES;
				CLANG_WARN_OBJC_ROOT_CLASS = YES_ERROR;
				CLANG_WARN_QUOTED_INCLUDE_IN_FRAMEWORK_HEADER = YES;
				CLANG_WARN_RANGE_LOOP_ANALYSIS = YES;
				CLANG_WARN_STRICT_PROTOTYPES = YES;
				CLANG_WARN_SUSPICIOUS_MOVE = YES;
				CLANG_WARN_UNGUARDED_AVAILABILITY = YES_AGGRESSIVE;
				CLANG_WARN_UNREACHABLE_CODE = YES;
				CLANG_WARN__DUPLICATE_METHOD_MATCH = YES;
				COPY_PHASE_STRIP = NO;
				DEBUG_INFORMATION_FORMAT = dwarf;
				ENABLE_STRICT_OBJC_MSGSEND = YES;
				ENABLE_TESTABILITY = YES;
				GCC_C_LANGUAGE_STANDARD = gnu11;
				GCC_DYNAMIC_NO_PIC = NO;
				GCC_NO_COMMON_BLOCKS = YES;
				GCC_OPTIMIZATION_LEVEL = 0;
				GCC_PREPROCESSOR_DEFINITIONS = (
					"DEBUG=1",
					"$(inherited)",
				);
				GCC_WARN_64_TO_32_BIT_CONVERSION = YES;
				GCC_WARN_ABOUT_RETURN_TYPE = YES_ERROR;
				GCC_WARN_UNDECLARED_SELECTOR = YES;
				GCC_WARN_UNINITIALIZED_AUTOS = YES_AGGRESSIVE;
				GCC_WARN_UNUSED_FUNCTION = YES;
				GCC_WARN_UNUSED_VARIABLE = YES;
				IPHONEOS_DEPLOYMENT_TARGET = 16.4;
				MTL_ENABLE_DEBUG_INFO = INCLUDE_SOURCE;
				MTL_FAST_MATH = YES;
				ONLY_ACTIVE_ARCH = YES;
				SDKROOT = iphoneos;
				SWIFT_ACTIVE_COMPILATION_CONDITIONS = DEBUG;
				SWIFT_OPTIMIZATION_LEVEL = "-Onone";
			};
			name = Debug;
		};
		C69A0C0C2A0999910030D142 /* Release */ = {
			isa = XCBuildConfiguration;
			buildSettings = {
				ALWAYS_SEARCH_USER_PATHS = NO;
				CLANG_ANALYZER_NONNULL = YES;
				CLANG_ANALYZER_NUMBER_OBJECT_CONVERSION = YES_AGGRESSIVE;
				CLANG_CXX_LANGUAGE_STANDARD = "gnu++20";
				CLANG_ENABLE_MODULES = YES;
				CLANG_ENABLE_OBJC_ARC = YES;
				CLANG_ENABLE_OBJC_WEAK = YES;
				CLANG_WARN_BLOCK_CAPTURE_AUTORELEASING = YES;
				CLANG_WARN_BOOL_CONVERSION = YES;
				CLANG_WARN_COMMA = YES;
				CLANG_WARN_CONSTANT_CONVERSION = YES;
				CLANG_WARN_DEPRECATED_OBJC_IMPLEMENTATIONS = YES;
				CLANG_WARN_DIRECT_OBJC_ISA_USAGE = YES_ERROR;
				CLANG_WARN_DOCUMENTATION_COMMENTS = YES;
				CLANG_WARN_EMPTY_BODY = YES;
				CLANG_WARN_ENUM_CONVERSION = YES;
				CLANG_WARN_INFINITE_RECURSION = YES;
				CLANG_WARN_INT_CONVERSION = YES;
				CLANG_WARN_NON_LITERAL_NULL_CONVERSION = YES;
				CLANG_WARN_OBJC_IMPLICIT_RETAIN_SELF = YES;
				CLANG_WARN_OBJC_LITERAL_CONVERSION = YES;
				CLANG_WARN_OBJC_ROOT_CLASS = YES_ERROR;
				CLANG_WARN_QUOTED_INCLUDE_IN_FRAMEWORK_HEADER = YES;
				CLANG_WARN_RANGE_LOOP_ANALYSIS = YES;
				CLANG_WARN_STRICT_PROTOTYPES = YES;
				CLANG_WARN_SUSPICIOUS_MOVE = YES;
				CLANG_WARN_UNGUARDED_AVAILABILITY = YES_AGGRESSIVE;
				CLANG_WARN_UNREACHABLE_CODE = YES;
				CLANG_WARN__DUPLICATE_METHOD_MATCH = YES;
				COPY_PHASE_STRIP = NO;
				DEBUG_INFORMATION_FORMAT = "dwarf-with-dsym";
				ENABLE_NS_ASSERTIONS = NO;
				ENABLE_STRICT_OBJC_MSGSEND = YES;
				GCC_C_LANGUAGE_STANDARD = gnu11;
				GCC_NO_COMMON_BLOCKS = YES;
				GCC_WARN_64_TO_32_BIT_CONVERSION = YES;
				GCC_WARN_ABOUT_RETURN_TYPE = YES_ERROR;
				GCC_WARN_UNDECLARED_SELECTOR = YES;
				GCC_WARN_UNINITIALIZED_AUTOS = YES_AGGRESSIVE;
				GCC_WARN_UNUSED_FUNCTION = YES;
				GCC_WARN_UNUSED_VARIABLE = YES;
				IPHONEOS_DEPLOYMENT_TARGET = 16.4;
				MTL_ENABLE_DEBUG_INFO = NO;
				MTL_FAST_MATH = YES;
				SDKROOT = iphoneos;
				SWIFT_COMPILATION_MODE = wholemodule;
				SWIFT_OPTIMIZATION_LEVEL = "-O";
				VALIDATE_PRODUCT = YES;
			};
			name = Release;
		};
		C69A0C0E2A0999910030D142 /* Debug */ = {
			isa = XCBuildConfiguration;
			buildSettings = {
				ASSETCATALOG_COMPILER_APPICON_NAME = AppIcon;
				ASSETCATALOG_COMPILER_GLOBAL_ACCENT_COLOR_NAME = AccentColor;
				CODE_SIGN_STYLE = Automatic;
				CURRENT_PROJECT_VERSION = 1;
				DEVELOPMENT_ASSET_PATHS = "\"Weather App/Preview Content\"";
				DEVELOPMENT_TEAM = XK25NTPW3Z;
				ENABLE_PREVIEWS = YES;
				GENERATE_INFOPLIST_FILE = YES;
				INFOPLIST_KEY_UIApplicationSceneManifest_Generation = YES;
				INFOPLIST_KEY_UIApplicationSupportsIndirectInputEvents = YES;
				INFOPLIST_KEY_UILaunchScreen_Generation = YES;
				INFOPLIST_KEY_UISupportedInterfaceOrientations_iPad = "UIInterfaceOrientationPortrait UIInterfaceOrientationPortraitUpsideDown UIInterfaceOrientationLandscapeLeft UIInterfaceOrientationLandscapeRight";
				INFOPLIST_KEY_UISupportedInterfaceOrientations_iPhone = "UIInterfaceOrientationPortrait UIInterfaceOrientationLandscapeLeft UIInterfaceOrientationLandscapeRight";
				IPHONEOS_DEPLOYMENT_TARGET = 15.0;
				LD_RUNPATH_SEARCH_PATHS = (
					"$(inherited)",
					"@executable_path/Frameworks",
				);
				MARKETING_VERSION = 1.0;
				PRODUCT_BUNDLE_IDENTIFIER = "gitblanc.Weather-App";
				PRODUCT_NAME = "$(TARGET_NAME)";
				SWIFT_EMIT_LOC_STRINGS = YES;
				SWIFT_VERSION = 5.0;
				TARGETED_DEVICE_FAMILY = "1,2";
			};
			name = Debug;
		};
		C69A0C0F2A0999910030D142 /* Release */ = {
			isa = XCBuildConfiguration;
			buildSettings = {
				ASSETCATALOG_COMPILER_APPICON_NAME = AppIcon;
				ASSETCATALOG_COMPILER_GLOBAL_ACCENT_COLOR_NAME = AccentColor;
				CODE_SIGN_STYLE = Automatic;
				CURRENT_PROJECT_VERSION = 1;
				DEVELOPMENT_ASSET_PATHS = "\"Weather App/Preview Content\"";
				DEVELOPMENT_TEAM = XK25NTPW3Z;
				ENABLE_PREVIEWS = YES;
				GENERATE_INFOPLIST_FILE = YES;
				INFOPLIST_KEY_UIApplicationSceneManifest_Generation = YES;
				INFOPLIST_KEY_UIApplicationSupportsIndirectInputEvents = YES;
				INFOPLIST_KEY_UILaunchScreen_Generation = YES;
				INFOPLIST_KEY_UISupportedInterfaceOrientations_iPad = "UIInterfaceOrientationPortrait UIInterfaceOrientationPortraitUpsideDown UIInterfaceOrientationLandscapeLeft UIInterfaceOrientationLandscapeRight";
				INFOPLIST_KEY_UISupportedInterfaceOrientations_iPhone = "UIInterfaceOrientationPortrait UIInterfaceOrientationLandscapeLeft UIInterfaceOrientationLandscapeRight";
				IPHONEOS_DEPLOYMENT_TARGET = 15.0;
				LD_RUNPATH_SEARCH_PATHS = (
					"$(inherited)",
					"@executable_path/Frameworks",
				);
				MARKETING_VERSION = 1.0;
				PRODUCT_BUNDLE_IDENTIFIER = "gitblanc.Weather-App";
				PRODUCT_NAME = "$(TARGET_NAME)";
				SWIFT_EMIT_LOC_STRINGS = YES;
				SWIFT_VERSION = 5.0;
				TARGETED_DEVICE_FAMILY = "1,2";
			};
			name = Release;
		};
/* End XCBuildConfiguration section */

/* Begin XCConfigurationList section */
		C69A0BFA2A0999870030D142 /* Build configuration list for PBXProject "Weather App" */ = {
			isa = XCConfigurationList;
			buildConfigurations = (
				C69A0C0B2A0999910030D142 /* Debug */,
				C69A0C0C2A0999910030D142 /* Release */,
			);
			defaultConfigurationIsVisible = 0;
			defaultConfigurationName = Release;
		};
		C69A0C0D2A0999910030D142 /* Build configuration list for PBXNativeTarget "Weather App" */ = {
			isa = XCConfigurationList;
			buildConfigurations = (
				C69A0C0E2A0999910030D142 /* Debug */,
				C69A0C0F2A0999910030D142 /* Release */,
			);
			defaultConfigurationIsVisible = 0;
			defaultConfigurationName = Release;
		};
/* End XCConfigurationList section */
	};
	rootObject = C69A0BF72A0999870030D142 /* Project object */;
}
